
Microsoft Visual Studio Solution File, Format Version 12.00
# Visual Studio 15
VisualStudioVersion = 15.0.27703.2035
MinimumVisualStudioVersion = 10.0.40219.1
Project("{FAE04EC0-301F-11D3-BF4B-00C04F79EFBC}") = "HelloWorldDocker", "HelloWorldDocker\HelloWorldDocker.csproj", "{6F38A09F-E1BB-4384-9C4C-86CFD1DAC77E}"
EndProject
Project("{E53339B2-1760-4266-BCC7-CA923CBCF16C}") = "docker-compose", "docker-compose.dcproj", "{01E7FCC8-71B7-4842-9419-AB00BCAF8276}"
EndProject
Global
	GlobalSection(SolutionConfigurationPlatforms) = preSolution
		Debug|Any CPU = Debug|Any CPU
		Release|Any CPU = Release|Any CPU
	EndGlobalSection
	GlobalSection(ProjectConfigurationPlatforms) = postSolution
		{6F38A09F-E1BB-4384-9C4C-86CFD1DAC77E}.Debug|Any CPU.ActiveCfg = Debug|Any CPU
		{6F38A09F-E1BB-4384-9C4C-86CFD1DAC77E}.Debug|Any CPU.Build.0 = Debug|Any CPU
		{6F38A09F-E1BB-4384-9C4C-86CFD1DAC77E}.Release|Any CPU.ActiveCfg = Release|Any CPU
		{6F38A09F-E1BB-4384-9C4C-86CFD1DAC77E}.Release|Any CPU.Build.0 = Release|Any CPU
		{01E7FCC8-71B7-4842-9419-AB00BCAF8276}.Debug|Any CPU.ActiveCfg = Debug|Any CPU
		{01E7FCC8-71B7-4842-9419-AB00BCAF8276}.Debug|Any CPU.Build.0 = Debug|Any CPU
		{01E7FCC8-71B7-4842-9419-AB00BCAF8276}.Release|Any CPU.ActiveCfg = Release|Any CPU
		{01E7FCC8-71B7-4842-9419-AB00BCAF8276}.Release|Any CPU.Build.0 = Release|Any CPU
	EndGlobalSection
	GlobalSection(SolutionProperties) = preSolution
		HideSolutionNode = FALSE
	EndGlobalSection
	GlobalSection(ExtensibilityGlobals) = postSolution
		SolutionGuid = {1A29F5BC-55B0-4FB3-95BB-0B8CC1B6A3A1}
	EndGlobalSection
EndGlobal
